
Microsoft Visual Studio Solution File, Format Version 12.00
# Visual Studio 14
VisualStudioVersion = 14.0.25420.1
MinimumVisualStudioVersion = 10.0.40219.1
Project("{FAE04EC0-301F-11D3-BF4B-00C04F79EFBC}") = "QuanLyKhuVuiChoi", "QuanLyKhuVuiChoi\QuanLyKhuVuiChoi.csproj", "{56D18141-D077-489B-92A4-870A3FEB0CA7}"
EndProject
Project("{FAE04EC0-301F-11D3-BF4B-00C04F79EFBC}") = "Entity", "Entity\Entity.csproj", "{50FFD36F-22CD-4689-8BCA-988E04E85455}"
EndProject
Project("{FAE04EC0-301F-11D3-BF4B-00C04F79EFBC}") = "DAL", "DAL\DAL.csproj", "{87836891-D49D-4016-92A1-DC635F5A81F9}"
EndProject
Project("{FAE04EC0-301F-11D3-BF4B-00C04F79EFBC}") = "BUS", "BUS\BUS.csproj", "{556482EC-490B-49AA-B9E9-63A4409E55D1}"
EndProject
Global
	GlobalSection(SolutionConfigurationPlatforms) = preSolution
		Debug|Any CPU = Debug|Any CPU
		Release|Any CPU = Release|Any CPU
	EndGlobalSection
	GlobalSection(ProjectConfigurationPlatforms) = postSolution
		{56D18141-D077-489B-92A4-870A3FEB0CA7}.Debug|Any CPU.ActiveCfg = Debug|Any CPU
		{56D18141-D077-489B-92A4-870A3FEB0CA7}.Debug|Any CPU.Build.0 = Debug|Any CPU
		{56D18141-D077-489B-92A4-870A3FEB0CA7}.Release|Any CPU.ActiveCfg = Release|Any CPU
		{56D18141-D077-489B-92A4-870A3FEB0CA7}.Release|Any CPU.Build.0 = Release|Any CPU
		{50FFD36F-22CD-4689-8BCA-988E04E85455}.Debug|Any CPU.ActiveCfg = Debug|Any CPU
		{50FFD36F-22CD-4689-8BCA-988E04E85455}.Debug|Any CPU.Build.0 = Debug|Any CPU
		{50FFD36F-22CD-4689-8BCA-988E04E85455}.Release|Any CPU.ActiveCfg = Release|Any CPU
		{50FFD36F-22CD-4689-8BCA-988E04E85455}.Release|Any CPU.Build.0 = Release|Any CPU
		{87836891-D49D-4016-92A1-DC635F5A81F9}.Debug|Any CPU.ActiveCfg = Debug|Any CPU
		{87836891-D49D-4016-92A1-DC635F5A81F9}.Debug|Any CPU.Build.0 = Debug|Any CPU
		{87836891-D49D-4016-92A1-DC635F5A81F9}.Release|Any CPU.ActiveCfg = Release|Any CPU
		{87836891-D49D-4016-92A1-DC635F5A81F9}.Release|Any CPU.Build.0 = Release|Any CPU
		{556482EC-490B-49AA-B9E9-63A4409E55D1}.Debug|Any CPU.ActiveCfg = Debug|Any CPU
		{556482EC-490B-49AA-B9E9-63A4409E55D1}.Debug|Any CPU.Build.0 = Debug|Any CPU
		{556482EC-490B-49AA-B9E9-63A4409E55D1}.Release|Any CPU.ActiveCfg = Release|Any CPU
		{556482EC-490B-49AA-B9E9-63A4409E55D1}.Release|Any CPU.Build.0 = Release|Any CPU
	EndGlobalSection
	GlobalSection(SolutionProperties) = preSolution
		HideSolutionNode = FALSE
	EndGlobalSection
EndGlobal
